
Microsoft Visual Studio Solution File, Format Version 12.00
# Visual Studio Version 16
VisualStudioVersion = 16.0.30503.244
MinimumVisualStudioVersion = 10.0.40219.1
Project("{9A19103F-16F7-4668-BE54-9A1E7A4F7556}") = "weather_bot", "weather_bot\weather_bot.csproj", "{E8BD2721-92D9-4598-8AB2-8ED4747BC8D4}"
EndProject
Global
	GlobalSection(SolutionConfigurationPlatforms) = preSolution
		Debug|Any CPU = Debug|Any CPU
		Release|Any CPU = Release|Any CPU
	EndGlobalSection
	GlobalSection(ProjectConfigurationPlatforms) = postSolution
		{E8BD2721-92D9-4598-8AB2-8ED4747BC8D4}.Debug|Any CPU.ActiveCfg = Debug|Any CPU
		{E8BD2721-92D9-4598-8AB2-8ED4747BC8D4}.Debug|Any CPU.Build.0 = Debug|Any CPU
		{E8BD2721-92D9-4598-8AB2-8ED4747BC8D4}.Release|Any CPU.ActiveCfg = Release|Any CPU
		{E8BD2721-92D9-4598-8AB2-8ED4747BC8D4}.Release|Any CPU.Build.0 = Release|Any CPU
	EndGlobalSection
	GlobalSection(SolutionProperties) = preSolution
		HideSolutionNode = FALSE
	EndGlobalSection
	GlobalSection(ExtensibilityGlobals) = postSolution
		SolutionGuid = {1F97A24F-947C-47DA-8F19-A694C219CB30}
	EndGlobalSection
EndGlobal
